
Microsoft Visual Studio Solution File, Format Version 12.00
# Visual Studio Version 17
VisualStudioVersion = 17.8.34525.116
MinimumVisualStudioVersion = 10.0.40219.1
Project("{2150E333-8FDC-42A3-9474-1A3956D46DE8}") = "solution items", "solution items", "{0E5F9F9A-9AE1-45FC-A154-1390493E7D6F}"
	ProjectSection(SolutionItems) = preProject
		docker-compose.Development.Infrastructure.yaml = docker-compose.Development.Infrastructure.yaml
		README.md = README.md
	EndProjectSection
EndProject
Project("{2150E333-8FDC-42A3-9474-1A3956D46DE8}") = "src", "src", "{172D0E1F-B529-4C78-B6C4-C90C4DEAF810}"
EndProject
Project("{2150E333-8FDC-42A3-9474-1A3956D46DE8}") = "test", "test", "{F6A10C7D-2DDA-4DBC-8FF6-B72AEDD14DE2}"
EndProject
Project("{2150E333-8FDC-42A3-9474-1A3956D46DE8}") = "Services", "Services", "{01C0A65D-4448-4EE7-BBB8-4C545FEC5EF5}"
EndProject
Project("{2150E333-8FDC-42A3-9474-1A3956D46DE8}") = "ReverseProxy", "ReverseProxy", "{39B844F0-8C97-4983-8091-5E04832877BE}"
EndProject
Project("{2150E333-8FDC-42A3-9474-1A3956D46DE8}") = "Identity", "Identity", "{756EAE19-555E-46A8-8F22-FF43C438472F}"
EndProject
Project("{2150E333-8FDC-42A3-9474-1A3956D46DE8}") = "Catalog", "Catalog", "{10A5A93D-26A8-452B-8685-6BB7FFF85EB2}"
EndProject
Project("{9A19103F-16F7-4668-BE54-9A1E7A4F7556}") = "ApiGateway", "src\ReverseProxy\ApiGateway\ApiGateway.csproj", "{5E698754-2988-4D28-9106-3BA6D5253460}"
EndProject
Project("{9A19103F-16F7-4668-BE54-9A1E7A4F7556}") = "API", "src\Services\Identity\API\API.csproj", "{4D53A2B9-2177-41F9-954E-4B9B7CC541CF}"
EndProject
Project("{9A19103F-16F7-4668-BE54-9A1E7A4F7556}") = "Application", "src\Services\Identity\Application\Application.csproj", "{2D4AE19F-6243-47E2-946D-5E3A04515205}"
EndProject
Project("{9A19103F-16F7-4668-BE54-9A1E7A4F7556}") = "Domain", "src\Services\Identity\Domain\Domain.csproj", "{9DE19EF3-B84D-460D-AE11-CF5FA3283E2B}"
EndProject
Project("{9A19103F-16F7-4668-BE54-9A1E7A4F7556}") = "Persistence", "src\Services\Identity\Persistence\Persistence.csproj", "{3F1F128D-C7A4-4073-B4E5-EBDDD467C017}"
EndProject
Project("{9A19103F-16F7-4668-BE54-9A1E7A4F7556}") = "Infrastructure", "src\Services\Identity\Infrastructure\Infrastructure.csproj", "{931C45DC-C548-4878-B03B-A001F2FA9E18}"
EndProject
Project("{9A19103F-16F7-4668-BE54-9A1E7A4F7556}") = "API", "src\Services\Catalog\API\API.csproj", "{62694640-DB1F-47E2-AB4C-0798D0C800D5}"
EndProject
Project("{9A19103F-16F7-4668-BE54-9A1E7A4F7556}") = "Application", "src\Services\Catalog\Application\Application.csproj", "{352269F9-0112-4EEA-81C1-BA0CFEF7A514}"
EndProject
Project("{9A19103F-16F7-4668-BE54-9A1E7A4F7556}") = "Domain", "src\Services\Catalog\Domain\Domain.csproj", "{343DBB59-0A91-4A9A-A55D-F4D09EA2B121}"
EndProject
Project("{9A19103F-16F7-4668-BE54-9A1E7A4F7556}") = "Infrastructure", "src\Services\Catalog\Infrastructure\Infrastructure.csproj", "{63BBB375-0F2D-45EB-9643-B2EF6A65B7DF}"
EndProject
Project("{9A19103F-16F7-4668-BE54-9A1E7A4F7556}") = "Persistence", "src\Services\Catalog\Persistence\Persistence.csproj", "{6DAF4620-C88C-4DCA-967E-3D35ECCDA5C8}"
EndProject
Project("{9A19103F-16F7-4668-BE54-9A1E7A4F7556}") = "Contracts", "src\Contracts\Contracts.csproj", "{395BA062-6E23-4538-AF40-E3C36F446D40}"
EndProject
Project("{9A19103F-16F7-4668-BE54-9A1E7A4F7556}") = "Presentation", "src\Services\Identity\Presentation\Presentation.csproj", "{6FD5C8D3-1F85-4548-856B-8A645E06017E}"
EndProject
Project("{FAE04EC0-301F-11D3-BF4B-00C04F79EFBC}") = "Presentation", "src\Services\Catalog\Presentation\Presentation.csproj", "{4C8548A2-F322-4416-A322-86635877905B}"
EndProject
Global
	GlobalSection(SolutionConfigurationPlatforms) = preSolution
		Debug|Any CPU = Debug|Any CPU
		Release|Any CPU = Release|Any CPU
	EndGlobalSection
	GlobalSection(ProjectConfigurationPlatforms) = postSolution
		{5E698754-2988-4D28-9106-3BA6D5253460}.Debug|Any CPU.ActiveCfg = Debug|Any CPU
		{5E698754-2988-4D28-9106-3BA6D5253460}.Debug|Any CPU.Build.0 = Debug|Any CPU
		{5E698754-2988-4D28-9106-3BA6D5253460}.Release|Any CPU.ActiveCfg = Release|Any CPU
		{5E698754-2988-4D28-9106-3BA6D5253460}.Release|Any CPU.Build.0 = Release|Any CPU
		{4D53A2B9-2177-41F9-954E-4B9B7CC541CF}.Debug|Any CPU.ActiveCfg = Debug|Any CPU
		{4D53A2B9-2177-41F9-954E-4B9B7CC541CF}.Debug|Any CPU.Build.0 = Debug|Any CPU
		{4D53A2B9-2177-41F9-954E-4B9B7CC541CF}.Release|Any CPU.ActiveCfg = Release|Any CPU
		{4D53A2B9-2177-41F9-954E-4B9B7CC541CF}.Release|Any CPU.Build.0 = Release|Any CPU
		{2D4AE19F-6243-47E2-946D-5E3A04515205}.Debug|Any CPU.ActiveCfg = Debug|Any CPU
		{2D4AE19F-6243-47E2-946D-5E3A04515205}.Debug|Any CPU.Build.0 = Debug|Any CPU
		{2D4AE19F-6243-47E2-946D-5E3A04515205}.Release|Any CPU.ActiveCfg = Release|Any CPU
		{2D4AE19F-6243-47E2-946D-5E3A04515205}.Release|Any CPU.Build.0 = Release|Any CPU
		{9DE19EF3-B84D-460D-AE11-CF5FA3283E2B}.Debug|Any CPU.ActiveCfg = Debug|Any CPU
		{9DE19EF3-B84D-460D-AE11-CF5FA3283E2B}.Debug|Any CPU.Build.0 = Debug|Any CPU
		{9DE19EF3-B84D-460D-AE11-CF5FA3283E2B}.Release|Any CPU.ActiveCfg = Release|Any CPU
		{9DE19EF3-B84D-460D-AE11-CF5FA3283E2B}.Release|Any CPU.Build.0 = Release|Any CPU
		{3F1F128D-C7A4-4073-B4E5-EBDDD467C017}.Debug|Any CPU.ActiveCfg = Debug|Any CPU
		{3F1F128D-C7A4-4073-B4E5-EBDDD467C017}.Debug|Any CPU.Build.0 = Debug|Any CPU
		{3F1F128D-C7A4-4073-B4E5-EBDDD467C017}.Release|Any CPU.ActiveCfg = Release|Any CPU
		{3F1F128D-C7A4-4073-B4E5-EBDDD467C017}.Release|Any CPU.Build.0 = Release|Any CPU
		{931C45DC-C548-4878-B03B-A001F2FA9E18}.Debug|Any CPU.ActiveCfg = Debug|Any CPU
		{931C45DC-C548-4878-B03B-A001F2FA9E18}.Debug|Any CPU.Build.0 = Debug|Any CPU
		{931C45DC-C548-4878-B03B-A001F2FA9E18}.Release|Any CPU.ActiveCfg = Release|Any CPU
		{931C45DC-C548-4878-B03B-A001F2FA9E18}.Release|Any CPU.Build.0 = Release|Any CPU
		{62694640-DB1F-47E2-AB4C-0798D0C800D5}.Debug|Any CPU.ActiveCfg = Debug|Any CPU
		{62694640-DB1F-47E2-AB4C-0798D0C800D5}.Debug|Any CPU.Build.0 = Debug|Any CPU
		{62694640-DB1F-47E2-AB4C-0798D0C800D5}.Release|Any CPU.ActiveCfg = Release|Any CPU
		{62694640-DB1F-47E2-AB4C-0798D0C800D5}.Release|Any CPU.Build.0 = Release|Any CPU
		{352269F9-0112-4EEA-81C1-BA0CFEF7A514}.Debug|Any CPU.ActiveCfg = Debug|Any CPU
		{352269F9-0112-4EEA-81C1-BA0CFEF7A514}.Debug|Any CPU.Build.0 = Debug|Any CPU
		{352269F9-0112-4EEA-81C1-BA0CFEF7A514}.Release|Any CPU.ActiveCfg = Release|Any CPU
		{352269F9-0112-4EEA-81C1-BA0CFEF7A514}.Release|Any CPU.Build.0 = Release|Any CPU
		{343DBB59-0A91-4A9A-A55D-F4D09EA2B121}.Debug|Any CPU.ActiveCfg = Debug|Any CPU
		{343DBB59-0A91-4A9A-A55D-F4D09EA2B121}.Debug|Any CPU.Build.0 = Debug|Any CPU
		{343DBB59-0A91-4A9A-A55D-F4D09EA2B121}.Release|Any CPU.ActiveCfg = Release|Any CPU
		{343DBB59-0A91-4A9A-A55D-F4D09EA2B121}.Release|Any CPU.Build.0 = Release|Any CPU
		{63BBB375-0F2D-45EB-9643-B2EF6A65B7DF}.Debug|Any CPU.ActiveCfg = Debug|Any CPU
		{63BBB375-0F2D-45EB-9643-B2EF6A65B7DF}.Debug|Any CPU.Build.0 = Debug|Any CPU
		{63BBB375-0F2D-45EB-9643-B2EF6A65B7DF}.Release|Any CPU.ActiveCfg = Release|Any CPU
		{63BBB375-0F2D-45EB-9643-B2EF6A65B7DF}.Release|Any CPU.Build.0 = Release|Any CPU
		{6DAF4620-C88C-4DCA-967E-3D35ECCDA5C8}.Debug|Any CPU.ActiveCfg = Debug|Any CPU
		{6DAF4620-C88C-4DCA-967E-3D35ECCDA5C8}.Debug|Any CPU.Build.0 = Debug|Any CPU
		{6DAF4620-C88C-4DCA-967E-3D35ECCDA5C8}.Release|Any CPU.ActiveCfg = Release|Any CPU
		{6DAF4620-C88C-4DCA-967E-3D35ECCDA5C8}.Release|Any CPU.Build.0 = Release|Any CPU
		{395BA062-6E23-4538-AF40-E3C36F446D40}.Debug|Any CPU.ActiveCfg = Debug|Any CPU
		{395BA062-6E23-4538-AF40-E3C36F446D40}.Debug|Any CPU.Build.0 = Debug|Any CPU
		{395BA062-6E23-4538-AF40-E3C36F446D40}.Release|Any CPU.ActiveCfg = Release|Any CPU
		{395BA062-6E23-4538-AF40-E3C36F446D40}.Release|Any CPU.Build.0 = Release|Any CPU
		{6FD5C8D3-1F85-4548-856B-8A645E06017E}.Debug|Any CPU.ActiveCfg = Debug|Any CPU
		{6FD5C8D3-1F85-4548-856B-8A645E06017E}.Debug|Any CPU.Build.0 = Debug|Any CPU
		{6FD5C8D3-1F85-4548-856B-8A645E06017E}.Release|Any CPU.ActiveCfg = Release|Any CPU
		{6FD5C8D3-1F85-4548-856B-8A645E06017E}.Release|Any CPU.Build.0 = Release|Any CPU
		{4C8548A2-F322-4416-A322-86635877905B}.Debug|Any CPU.ActiveCfg = Debug|Any CPU
		{4C8548A2-F322-4416-A322-86635877905B}.Debug|Any CPU.Build.0 = Debug|Any CPU
		{4C8548A2-F322-4416-A322-86635877905B}.Release|Any CPU.ActiveCfg = Release|Any CPU
		{4C8548A2-F322-4416-A322-86635877905B}.Release|Any CPU.Build.0 = Release|Any CPU
	EndGlobalSection
	GlobalSection(SolutionProperties) = preSolution
		HideSolutionNode = FALSE
	EndGlobalSection
	GlobalSection(NestedProjects) = preSolution
		{01C0A65D-4448-4EE7-BBB8-4C545FEC5EF5} = {172D0E1F-B529-4C78-B6C4-C90C4DEAF810}
		{39B844F0-8C97-4983-8091-5E04832877BE} = {172D0E1F-B529-4C78-B6C4-C90C4DEAF810}
		{756EAE19-555E-46A8-8F22-FF43C438472F} = {01C0A65D-4448-4EE7-BBB8-4C545FEC5EF5}
		{10A5A93D-26A8-452B-8685-6BB7FFF85EB2} = {01C0A65D-4448-4EE7-BBB8-4C545FEC5EF5}
		{5E698754-2988-4D28-9106-3BA6D5253460} = {39B844F0-8C97-4983-8091-5E04832877BE}
		{4D53A2B9-2177-41F9-954E-4B9B7CC541CF} = {756EAE19-555E-46A8-8F22-FF43C438472F}
		{2D4AE19F-6243-47E2-946D-5E3A04515205} = {756EAE19-555E-46A8-8F22-FF43C438472F}
		{9DE19EF3-B84D-460D-AE11-CF5FA3283E2B} = {756EAE19-555E-46A8-8F22-FF43C438472F}
		{3F1F128D-C7A4-4073-B4E5-EBDDD467C017} = {756EAE19-555E-46A8-8F22-FF43C438472F}
		{931C45DC-C548-4878-B03B-A001F2FA9E18} = {756EAE19-555E-46A8-8F22-FF43C438472F}
		{62694640-DB1F-47E2-AB4C-0798D0C800D5} = {10A5A93D-26A8-452B-8685-6BB7FFF85EB2}
		{352269F9-0112-4EEA-81C1-BA0CFEF7A514} = {10A5A93D-26A8-452B-8685-6BB7FFF85EB2}
		{343DBB59-0A91-4A9A-A55D-F4D09EA2B121} = {10A5A93D-26A8-452B-8685-6BB7FFF85EB2}
		{63BBB375-0F2D-45EB-9643-B2EF6A65B7DF} = {10A5A93D-26A8-452B-8685-6BB7FFF85EB2}
		{6DAF4620-C88C-4DCA-967E-3D35ECCDA5C8} = {10A5A93D-26A8-452B-8685-6BB7FFF85EB2}
		{395BA062-6E23-4538-AF40-E3C36F446D40} = {172D0E1F-B529-4C78-B6C4-C90C4DEAF810}
		{6FD5C8D3-1F85-4548-856B-8A645E06017E} = {756EAE19-555E-46A8-8F22-FF43C438472F}
		{4C8548A2-F322-4416-A322-86635877905B} = {10A5A93D-26A8-452B-8685-6BB7FFF85EB2}
	EndGlobalSection
	GlobalSection(ExtensibilityGlobals) = postSolution
		SolutionGuid = {E7B57EF4-BCCA-4A9D-9F18-7E556493ADFC}
	EndGlobalSection
EndGlobal
